
Microsoft Visual Studio Solution File, Format Version 12.00
# Visual Studio Version 16
VisualStudioVersion = 16.0.29905.134
MinimumVisualStudioVersion = 10.0.40219.1
Project("{FAE04EC0-301F-11D3-BF4B-00C04F79EFBC}") = "Bai_5", "Bai_5\Bai_5.csproj", "{4059CF41-D2E2-43EC-BA61-DAFC147D5468}"
EndProject
Global
	GlobalSection(SolutionConfigurationPlatforms) = preSolution
		Debug|Any CPU = Debug|Any CPU
		Release|Any CPU = Release|Any CPU
	EndGlobalSection
	GlobalSection(ProjectConfigurationPlatforms) = postSolution
		{4059CF41-D2E2-43EC-BA61-DAFC147D5468}.Debug|Any CPU.ActiveCfg = Debug|Any CPU
		{4059CF41-D2E2-43EC-BA61-DAFC147D5468}.Debug|Any CPU.Build.0 = Debug|Any CPU
		{4059CF41-D2E2-43EC-BA61-DAFC147D5468}.Release|Any CPU.ActiveCfg = Release|Any CPU
		{4059CF41-D2E2-43EC-BA61-DAFC147D5468}.Release|Any CPU.Build.0 = Release|Any CPU
	EndGlobalSection
	GlobalSection(SolutionProperties) = preSolution
		HideSolutionNode = FALSE
	EndGlobalSection
	GlobalSection(ExtensibilityGlobals) = postSolution
		SolutionGuid = {B6DDD271-7AEE-495A-A6F2-30D2436E655E}
	EndGlobalSection
EndGlobal
