
Microsoft Visual Studio Solution File, Format Version 12.00
# Visual Studio Version 16
VisualStudioVersion = 16.0.29905.134
MinimumVisualStudioVersion = 10.0.40219.1
Project("{FAE04EC0-301F-11D3-BF4B-00C04F79EFBC}") = "Bai_3", "Bai_3\Bai_3.csproj", "{AC8BD634-93EF-489D-A97A-80B343DE4A39}"
EndProject
Global
	GlobalSection(SolutionConfigurationPlatforms) = preSolution
		Debug|Any CPU = Debug|Any CPU
		Release|Any CPU = Release|Any CPU
	EndGlobalSection
	GlobalSection(ProjectConfigurationPlatforms) = postSolution
		{AC8BD634-93EF-489D-A97A-80B343DE4A39}.Debug|Any CPU.ActiveCfg = Debug|Any CPU
		{AC8BD634-93EF-489D-A97A-80B343DE4A39}.Debug|Any CPU.Build.0 = Debug|Any CPU
		{AC8BD634-93EF-489D-A97A-80B343DE4A39}.Release|Any CPU.ActiveCfg = Release|Any CPU
		{AC8BD634-93EF-489D-A97A-80B343DE4A39}.Release|Any CPU.Build.0 = Release|Any CPU
	EndGlobalSection
	GlobalSection(SolutionProperties) = preSolution
		HideSolutionNode = FALSE
	EndGlobalSection
	GlobalSection(ExtensibilityGlobals) = postSolution
		SolutionGuid = {A43BD3D0-D860-4BE0-A0A9-8C0D14792B1E}
	EndGlobalSection
EndGlobal
